
Microsoft Visual Studio Solution File, Format Version 12.00
# Visual Studio Version 17
VisualStudioVersion = 17.2.32210.308
MinimumVisualStudioVersion = 10.0.40219.1
Project("{9A19103F-16F7-4668-BE54-9A1E7A4F7556}") = "MathExtensions", "MathExtensions\MathExtensions.csproj", "{FE158052-9566-4BAB-8475-152358FC08CE}"
EndProject
Project("{9A19103F-16F7-4668-BE54-9A1E7A4F7556}") = "ConsoleTester", "ConsoleTester\ConsoleTester.csproj", "{7D573D15-5652-4339-B061-3502D2F972ED}"
EndProject
Project("{9A19103F-16F7-4668-BE54-9A1E7A4F7556}") = "MathExpressions", "MathExpressions\MathExpressions.csproj", "{878FFFAF-B46E-4A22-BD9D-89AFC04278BE}"
EndProject
Global
	GlobalSection(SolutionConfigurationPlatforms) = preSolution
		Debug|Any CPU = Debug|Any CPU
		Release|Any CPU = Release|Any CPU
	EndGlobalSection
	GlobalSection(ProjectConfigurationPlatforms) = postSolution
		{FE158052-9566-4BAB-8475-152358FC08CE}.Debug|Any CPU.ActiveCfg = Debug|Any CPU
		{FE158052-9566-4BAB-8475-152358FC08CE}.Debug|Any CPU.Build.0 = Debug|Any CPU
		{FE158052-9566-4BAB-8475-152358FC08CE}.Release|Any CPU.ActiveCfg = Release|Any CPU
		{FE158052-9566-4BAB-8475-152358FC08CE}.Release|Any CPU.Build.0 = Release|Any CPU
		{7D573D15-5652-4339-B061-3502D2F972ED}.Debug|Any CPU.ActiveCfg = Debug|Any CPU
		{7D573D15-5652-4339-B061-3502D2F972ED}.Debug|Any CPU.Build.0 = Debug|Any CPU
		{7D573D15-5652-4339-B061-3502D2F972ED}.Release|Any CPU.ActiveCfg = Release|Any CPU
		{7D573D15-5652-4339-B061-3502D2F972ED}.Release|Any CPU.Build.0 = Release|Any CPU
		{878FFFAF-B46E-4A22-BD9D-89AFC04278BE}.Debug|Any CPU.ActiveCfg = Debug|Any CPU
		{878FFFAF-B46E-4A22-BD9D-89AFC04278BE}.Debug|Any CPU.Build.0 = Debug|Any CPU
		{878FFFAF-B46E-4A22-BD9D-89AFC04278BE}.Release|Any CPU.ActiveCfg = Release|Any CPU
		{878FFFAF-B46E-4A22-BD9D-89AFC04278BE}.Release|Any CPU.Build.0 = Release|Any CPU
	EndGlobalSection
	GlobalSection(SolutionProperties) = preSolution
		HideSolutionNode = FALSE
	EndGlobalSection
	GlobalSection(ExtensibilityGlobals) = postSolution
		SolutionGuid = {D522D4BF-CC88-4519-B21E-9986851084EB}
	EndGlobalSection
EndGlobal
